
Microsoft Visual Studio Solution File, Format Version 12.00
Project("{FAE04EC0-301F-11D3-BF4B-00C04F79EFBC}") = "MakVoj", "MakVoj.csproj", "{869FE318-919D-443C-A502-3E9F6FC99A8E}"
EndProject
Global
	GlobalSection(SolutionConfigurationPlatforms) = preSolution
		Debug|Any CPU = Debug|Any CPU
		Release|Any CPU = Release|Any CPU
	EndGlobalSection
	GlobalSection(ProjectConfigurationPlatforms) = postSolution
		{869FE318-919D-443C-A502-3E9F6FC99A8E}.Debug|Any CPU.ActiveCfg = Debug|Any CPU
		{869FE318-919D-443C-A502-3E9F6FC99A8E}.Debug|Any CPU.Build.0 = Debug|Any CPU
		{869FE318-919D-443C-A502-3E9F6FC99A8E}.Release|Any CPU.ActiveCfg = Release|Any CPU
		{869FE318-919D-443C-A502-3E9F6FC99A8E}.Release|Any CPU.Build.0 = Release|Any CPU
	EndGlobalSection
EndGlobal
